
Microsoft Visual Studio Solution File, Format Version 12.00
# Visual Studio Version 16
VisualStudioVersion = 16.0.29728.190
MinimumVisualStudioVersion = 10.0.40219.1
Project("{FAE04EC0-301F-11D3-BF4B-00C04F79EFBC}") = "Video-ClubDB-V2", "Video-ClubDB-V2\Video-ClubDB-V2.csproj", "{EB44553D-BCB8-4EB0-B78E-BC0A40689F5D}"
EndProject
Global
	GlobalSection(SolutionConfigurationPlatforms) = preSolution
		Debug|Any CPU = Debug|Any CPU
		Release|Any CPU = Release|Any CPU
	EndGlobalSection
	GlobalSection(ProjectConfigurationPlatforms) = postSolution
		{EB44553D-BCB8-4EB0-B78E-BC0A40689F5D}.Debug|Any CPU.ActiveCfg = Debug|Any CPU
		{EB44553D-BCB8-4EB0-B78E-BC0A40689F5D}.Debug|Any CPU.Build.0 = Debug|Any CPU
		{EB44553D-BCB8-4EB0-B78E-BC0A40689F5D}.Release|Any CPU.ActiveCfg = Release|Any CPU
		{EB44553D-BCB8-4EB0-B78E-BC0A40689F5D}.Release|Any CPU.Build.0 = Release|Any CPU
	EndGlobalSection
	GlobalSection(SolutionProperties) = preSolution
		HideSolutionNode = FALSE
	EndGlobalSection
	GlobalSection(ExtensibilityGlobals) = postSolution
		SolutionGuid = {4FD83BC8-83CD-4E2A-81D3-9F1AF62ED1B9}
	EndGlobalSection
EndGlobal
